
Microsoft Visual Studio Solution File, Format Version 12.00
# Visual Studio Version 16
VisualStudioVersion = 16.0.31410.357
MinimumVisualStudioVersion = 10.0.40219.1
Project("{FAE04EC0-301F-11D3-BF4B-00C04F79EFBC}") = "Serialization", "Serialization.csproj", "{65583C34-3D77-4595-A019-76A04D3AA7F4}"
EndProject
Global
	GlobalSection(SolutionConfigurationPlatforms) = preSolution
		Debug|Any CPU = Debug|Any CPU
		Release|Any CPU = Release|Any CPU
	EndGlobalSection
	GlobalSection(ProjectConfigurationPlatforms) = postSolution
		{65583C34-3D77-4595-A019-76A04D3AA7F4}.Debug|Any CPU.ActiveCfg = Debug|Any CPU
		{65583C34-3D77-4595-A019-76A04D3AA7F4}.Debug|Any CPU.Build.0 = Debug|Any CPU
		{65583C34-3D77-4595-A019-76A04D3AA7F4}.Release|Any CPU.ActiveCfg = Release|Any CPU
		{65583C34-3D77-4595-A019-76A04D3AA7F4}.Release|Any CPU.Build.0 = Release|Any CPU
	EndGlobalSection
	GlobalSection(SolutionProperties) = preSolution
		HideSolutionNode = FALSE
	EndGlobalSection
	GlobalSection(ExtensibilityGlobals) = postSolution
		SolutionGuid = {2B63E413-8591-4223-AF57-4C32C56E2991}
	EndGlobalSection
EndGlobal
